
Microsoft Visual Studio Solution File, Format Version 12.00
# Visual Studio Version 17
VisualStudioVersion = 17.0.32126.317
MinimumVisualStudioVersion = 10.0.40219.1
Project("{FAE04EC0-301F-11D3-BF4B-00C04F79EFBC}") = "Wordle", "Wordle\Wordle.csproj", "{DD837F39-3C76-4271-9097-6C05F47E0FD5}"
EndProject
Global
	GlobalSection(SolutionConfigurationPlatforms) = preSolution
		Debug|Any CPU = Debug|Any CPU
		Release|Any CPU = Release|Any CPU
	EndGlobalSection
	GlobalSection(ProjectConfigurationPlatforms) = postSolution
		{DD837F39-3C76-4271-9097-6C05F47E0FD5}.Debug|Any CPU.ActiveCfg = Debug|Any CPU
		{DD837F39-3C76-4271-9097-6C05F47E0FD5}.Debug|Any CPU.Build.0 = Debug|Any CPU
		{DD837F39-3C76-4271-9097-6C05F47E0FD5}.Release|Any CPU.ActiveCfg = Release|Any CPU
		{DD837F39-3C76-4271-9097-6C05F47E0FD5}.Release|Any CPU.Build.0 = Release|Any CPU
	EndGlobalSection
	GlobalSection(SolutionProperties) = preSolution
		HideSolutionNode = FALSE
	EndGlobalSection
	GlobalSection(ExtensibilityGlobals) = postSolution
		SolutionGuid = {DCCFC8FD-E628-4288-88CE-49116D243B5A}
	EndGlobalSection
EndGlobal
